
Microsoft Visual Studio Solution File, Format Version 12.00
# Visual Studio Version 17
VisualStudioVersion = 17.4.33213.308
MinimumVisualStudioVersion = 10.0.40219.1
Project("{FAE04EC0-301F-11D3-BF4B-00C04F79EFBC}") = "Week9-Lists", "Week9-Lists\Week9-Lists.csproj", "{A3DFC7A9-60DA-43DC-986E-5E56DC750283}"
EndProject
Global
	GlobalSection(SolutionConfigurationPlatforms) = preSolution
		Debug|Any CPU = Debug|Any CPU
		Release|Any CPU = Release|Any CPU
	EndGlobalSection
	GlobalSection(ProjectConfigurationPlatforms) = postSolution
		{A3DFC7A9-60DA-43DC-986E-5E56DC750283}.Debug|Any CPU.ActiveCfg = Debug|Any CPU
		{A3DFC7A9-60DA-43DC-986E-5E56DC750283}.Debug|Any CPU.Build.0 = Debug|Any CPU
		{A3DFC7A9-60DA-43DC-986E-5E56DC750283}.Release|Any CPU.ActiveCfg = Release|Any CPU
		{A3DFC7A9-60DA-43DC-986E-5E56DC750283}.Release|Any CPU.Build.0 = Release|Any CPU
	EndGlobalSection
	GlobalSection(SolutionProperties) = preSolution
		HideSolutionNode = FALSE
	EndGlobalSection
	GlobalSection(ExtensibilityGlobals) = postSolution
		SolutionGuid = {532F556C-1DF1-4EBF-A35B-9D624A190727}
	EndGlobalSection
EndGlobal
